{
  "nodes": {
    "for-all-systems": {
      "inputs": {
        "nixpkgs": [
          "nixpkgs"
        ]
      },
      "locked": {
        "lastModified": 1722774074,
        "narHash": "sha256-OTxfuFIpTsZWjEQ3J54OipY6klHz1JGQ1tQZTDnNiaM=",
        "owner": "Industrial",
        "repo": "for-all-systems",
        "rev": "3bfe2f0ba3a17f4ae2ecd90a9911c6b780014e84",
        "type": "github"
      },
      "original": {
        "owner": "Industrial",
        "repo": "for-all-systems",
        "type": "github"
      }
    },
    "nixpkgs": {
      "locked": {
        "lastModified": 1726871744,
        "narHash": "sha256-V5LpfdHyQkUF7RfOaDPrZDP+oqz88lTJrMT1+stXNwo=",
        "owner": "nixos",
        "repo": "nixpkgs",
        "rev": "a1d92660c6b3b7c26fb883500a80ea9d33321be2",
        "type": "github"
      },
      "original": {
        "owner": "nixos",
        "ref": "nixpkgs-unstable",
        "repo": "nixpkgs",
        "type": "github"
      }
    },
    "root": {
      "inputs": {
        "for-all-systems": "for-all-systems",
        "nixpkgs": "nixpkgs"
      }
    }
  },
  "root": "root",
  "version": 7
}
